
Microsoft Visual Studio Solution File, Format Version 12.00
# Visual Studio Version 16
VisualStudioVersion = 16.0.31321.278
MinimumVisualStudioVersion = 10.0.40219.1
Project("{9A19103F-16F7-4668-BE54-9A1E7A4F7556}") = "ToDoList.DAL.Interface", "ToDoList.DAL.Interface\ToDoList.DAL.Interface.csproj", "{1150E5C0-13F0-427F-8FD6-C8256A0B615D}"
EndProject
Project("{9A19103F-16F7-4668-BE54-9A1E7A4F7556}") = "ToDoList.Entities", "ToDoList.Entities\ToDoList.Entities.csproj", "{FA702CCB-04A6-4BDE-AE4A-9B5208D9DD2A}"
EndProject
Project("{2150E333-8FDC-42A3-9474-1A3956D46DE8}") = "BLL", "BLL", "{C88A44ED-3877-40E8-BE87-D03709BA08EC}"
EndProject
Project("{2150E333-8FDC-42A3-9474-1A3956D46DE8}") = "COMMON", "COMMON", "{21F851ED-A98E-44B2-98D8-57CAC6D3314E}"
EndProject
Project("{2150E333-8FDC-42A3-9474-1A3956D46DE8}") = "DAL", "DAL", "{37CC9DA3-F53B-4167-BA14-B7F63A2843D8}"
EndProject
Project("{2150E333-8FDC-42A3-9474-1A3956D46DE8}") = "PL", "PL", "{8B084800-216A-4731-A840-E6565E5AD5E8}"
EndProject
Project("{9A19103F-16F7-4668-BE54-9A1E7A4F7556}") = "ToDoList.DAL", "ToDoList.DAL\ToDoList.DAL.csproj", "{9676CB99-AC09-4D2E-A542-27438E972DA5}"
EndProject
Project("{9A19103F-16F7-4668-BE54-9A1E7A4F7556}") = "ToDoList.BLL.Interface", "ToDoList.BLL.Interface\ToDoList.BLL.Interface.csproj", "{E3043223-0A75-4D2A-ACAC-CF99612C3AE5}"
EndProject
Project("{9A19103F-16F7-4668-BE54-9A1E7A4F7556}") = "ToDoList.BLL.Entities", "ToDoList.BLL.Entities\ToDoList.BLL.Entities.csproj", "{FFF1BA05-617C-459D-8550-FFDB25502DA3}"
EndProject
Project("{9A19103F-16F7-4668-BE54-9A1E7A4F7556}") = "ToDoList.BLL", "ToDoList.BLL\ToDoList.BLL.csproj", "{BA3CA880-E41B-43D7-AB87-DA9EC96ADC9E}"
EndProject
Project("{9A19103F-16F7-4668-BE54-9A1E7A4F7556}") = "ToDoList.Exceptions", "ToDoList.Exceptions\ToDoList.Exceptions.csproj", "{E4EEEE9D-7D60-4579-B340-360D3908A510}"
EndProject
Project("{9A19103F-16F7-4668-BE54-9A1E7A4F7556}") = "ToDoList.IOC", "ToDoList.IOC\ToDoList.IOC.csproj", "{1F646931-FFAF-48B8-AFCB-E79BBA6083ED}"
EndProject
Project("{9A19103F-16F7-4668-BE54-9A1E7A4F7556}") = "ToDoList.PL", "ToDoList.PL\ToDoList.PL.csproj", "{A82EC361-FD81-4AFF-B060-E5555968927E}"
EndProject
Project("{9A19103F-16F7-4668-BE54-9A1E7A4F7556}") = "ToDoList.PL.Views", "ToDoList.PL.Views\ToDoList.PL.Views.csproj", "{90EB84E5-BF37-4576-9F2E-4E9E574CDFF2}"
EndProject
Project("{9A19103F-16F7-4668-BE54-9A1E7A4F7556}") = "ToDoList.PL.Menus", "ToDoList.PL.Menus\ToDoList.PL.Menus.csproj", "{C8BB30C8-2FDA-4E6D-A2C3-9B318C49B174}"
EndProject
Project("{9A19103F-16F7-4668-BE54-9A1E7A4F7556}") = "ToDoList.PL.Interface", "ToDoList.PL.Interface\ToDoList.PL.Interface.csproj", "{059CB9B9-C9F8-42D2-993F-04A44E13B59E}"
EndProject
Project("{FAE04EC0-301F-11D3-BF4B-00C04F79EFBC}") = "ToDoListCommon", "ToDoListCommon\ToDoListCommon.csproj", "{361ABCA0-A7BF-4D14-9416-907F8D67AA13}"
EndProject
Global
	GlobalSection(SolutionConfigurationPlatforms) = preSolution
		Debug|Any CPU = Debug|Any CPU
		Release|Any CPU = Release|Any CPU
	EndGlobalSection
	GlobalSection(ProjectConfigurationPlatforms) = postSolution
		{1150E5C0-13F0-427F-8FD6-C8256A0B615D}.Debug|Any CPU.ActiveCfg = Debug|Any CPU
		{1150E5C0-13F0-427F-8FD6-C8256A0B615D}.Debug|Any CPU.Build.0 = Debug|Any CPU
		{1150E5C0-13F0-427F-8FD6-C8256A0B615D}.Release|Any CPU.ActiveCfg = Release|Any CPU
		{1150E5C0-13F0-427F-8FD6-C8256A0B615D}.Release|Any CPU.Build.0 = Release|Any CPU
		{FA702CCB-04A6-4BDE-AE4A-9B5208D9DD2A}.Debug|Any CPU.ActiveCfg = Debug|Any CPU
		{FA702CCB-04A6-4BDE-AE4A-9B5208D9DD2A}.Debug|Any CPU.Build.0 = Debug|Any CPU
		{FA702CCB-04A6-4BDE-AE4A-9B5208D9DD2A}.Release|Any CPU.ActiveCfg = Release|Any CPU
		{FA702CCB-04A6-4BDE-AE4A-9B5208D9DD2A}.Release|Any CPU.Build.0 = Release|Any CPU
		{9676CB99-AC09-4D2E-A542-27438E972DA5}.Debug|Any CPU.ActiveCfg = Debug|Any CPU
		{9676CB99-AC09-4D2E-A542-27438E972DA5}.Debug|Any CPU.Build.0 = Debug|Any CPU
		{9676CB99-AC09-4D2E-A542-27438E972DA5}.Release|Any CPU.ActiveCfg = Release|Any CPU
		{9676CB99-AC09-4D2E-A542-27438E972DA5}.Release|Any CPU.Build.0 = Release|Any CPU
		{E3043223-0A75-4D2A-ACAC-CF99612C3AE5}.Debug|Any CPU.ActiveCfg = Debug|Any CPU
		{E3043223-0A75-4D2A-ACAC-CF99612C3AE5}.Debug|Any CPU.Build.0 = Debug|Any CPU
		{E3043223-0A75-4D2A-ACAC-CF99612C3AE5}.Release|Any CPU.ActiveCfg = Release|Any CPU
		{E3043223-0A75-4D2A-ACAC-CF99612C3AE5}.Release|Any CPU.Build.0 = Release|Any CPU
		{FFF1BA05-617C-459D-8550-FFDB25502DA3}.Debug|Any CPU.ActiveCfg = Debug|Any CPU
		{FFF1BA05-617C-459D-8550-FFDB25502DA3}.Debug|Any CPU.Build.0 = Debug|Any CPU
		{FFF1BA05-617C-459D-8550-FFDB25502DA3}.Release|Any CPU.ActiveCfg = Release|Any CPU
		{FFF1BA05-617C-459D-8550-FFDB25502DA3}.Release|Any CPU.Build.0 = Release|Any CPU
		{BA3CA880-E41B-43D7-AB87-DA9EC96ADC9E}.Debug|Any CPU.ActiveCfg = Debug|Any CPU
		{BA3CA880-E41B-43D7-AB87-DA9EC96ADC9E}.Debug|Any CPU.Build.0 = Debug|Any CPU
		{BA3CA880-E41B-43D7-AB87-DA9EC96ADC9E}.Release|Any CPU.ActiveCfg = Release|Any CPU
		{BA3CA880-E41B-43D7-AB87-DA9EC96ADC9E}.Release|Any CPU.Build.0 = Release|Any CPU
		{E4EEEE9D-7D60-4579-B340-360D3908A510}.Debug|Any CPU.ActiveCfg = Debug|Any CPU
		{E4EEEE9D-7D60-4579-B340-360D3908A510}.Debug|Any CPU.Build.0 = Debug|Any CPU
		{E4EEEE9D-7D60-4579-B340-360D3908A510}.Release|Any CPU.ActiveCfg = Release|Any CPU
		{E4EEEE9D-7D60-4579-B340-360D3908A510}.Release|Any CPU.Build.0 = Release|Any CPU
		{1F646931-FFAF-48B8-AFCB-E79BBA6083ED}.Debug|Any CPU.ActiveCfg = Debug|Any CPU
		{1F646931-FFAF-48B8-AFCB-E79BBA6083ED}.Debug|Any CPU.Build.0 = Debug|Any CPU
		{1F646931-FFAF-48B8-AFCB-E79BBA6083ED}.Release|Any CPU.ActiveCfg = Release|Any CPU
		{1F646931-FFAF-48B8-AFCB-E79BBA6083ED}.Release|Any CPU.Build.0 = Release|Any CPU
		{A82EC361-FD81-4AFF-B060-E5555968927E}.Debug|Any CPU.ActiveCfg = Debug|Any CPU
		{A82EC361-FD81-4AFF-B060-E5555968927E}.Debug|Any CPU.Build.0 = Debug|Any CPU
		{A82EC361-FD81-4AFF-B060-E5555968927E}.Release|Any CPU.ActiveCfg = Release|Any CPU
		{A82EC361-FD81-4AFF-B060-E5555968927E}.Release|Any CPU.Build.0 = Release|Any CPU
		{90EB84E5-BF37-4576-9F2E-4E9E574CDFF2}.Debug|Any CPU.ActiveCfg = Debug|Any CPU
		{90EB84E5-BF37-4576-9F2E-4E9E574CDFF2}.Debug|Any CPU.Build.0 = Debug|Any CPU
		{90EB84E5-BF37-4576-9F2E-4E9E574CDFF2}.Release|Any CPU.ActiveCfg = Release|Any CPU
		{90EB84E5-BF37-4576-9F2E-4E9E574CDFF2}.Release|Any CPU.Build.0 = Release|Any CPU
		{C8BB30C8-2FDA-4E6D-A2C3-9B318C49B174}.Debug|Any CPU.ActiveCfg = Debug|Any CPU
		{C8BB30C8-2FDA-4E6D-A2C3-9B318C49B174}.Debug|Any CPU.Build.0 = Debug|Any CPU
		{C8BB30C8-2FDA-4E6D-A2C3-9B318C49B174}.Release|Any CPU.ActiveCfg = Release|Any CPU
		{C8BB30C8-2FDA-4E6D-A2C3-9B318C49B174}.Release|Any CPU.Build.0 = Release|Any CPU
		{059CB9B9-C9F8-42D2-993F-04A44E13B59E}.Debug|Any CPU.ActiveCfg = Debug|Any CPU
		{059CB9B9-C9F8-42D2-993F-04A44E13B59E}.Debug|Any CPU.Build.0 = Debug|Any CPU
		{059CB9B9-C9F8-42D2-993F-04A44E13B59E}.Release|Any CPU.ActiveCfg = Release|Any CPU
		{059CB9B9-C9F8-42D2-993F-04A44E13B59E}.Release|Any CPU.Build.0 = Release|Any CPU
		{361ABCA0-A7BF-4D14-9416-907F8D67AA13}.Debug|Any CPU.ActiveCfg = Debug|Any CPU
		{361ABCA0-A7BF-4D14-9416-907F8D67AA13}.Debug|Any CPU.Build.0 = Debug|Any CPU
		{361ABCA0-A7BF-4D14-9416-907F8D67AA13}.Release|Any CPU.ActiveCfg = Release|Any CPU
		{361ABCA0-A7BF-4D14-9416-907F8D67AA13}.Release|Any CPU.Build.0 = Release|Any CPU
	EndGlobalSection
	GlobalSection(SolutionProperties) = preSolution
		HideSolutionNode = FALSE
	EndGlobalSection
	GlobalSection(NestedProjects) = preSolution
		{1150E5C0-13F0-427F-8FD6-C8256A0B615D} = {37CC9DA3-F53B-4167-BA14-B7F63A2843D8}
		{FA702CCB-04A6-4BDE-AE4A-9B5208D9DD2A} = {21F851ED-A98E-44B2-98D8-57CAC6D3314E}
		{9676CB99-AC09-4D2E-A542-27438E972DA5} = {37CC9DA3-F53B-4167-BA14-B7F63A2843D8}
		{E3043223-0A75-4D2A-ACAC-CF99612C3AE5} = {C88A44ED-3877-40E8-BE87-D03709BA08EC}
		{FFF1BA05-617C-459D-8550-FFDB25502DA3} = {C88A44ED-3877-40E8-BE87-D03709BA08EC}
		{BA3CA880-E41B-43D7-AB87-DA9EC96ADC9E} = {C88A44ED-3877-40E8-BE87-D03709BA08EC}
		{E4EEEE9D-7D60-4579-B340-360D3908A510} = {21F851ED-A98E-44B2-98D8-57CAC6D3314E}
		{1F646931-FFAF-48B8-AFCB-E79BBA6083ED} = {21F851ED-A98E-44B2-98D8-57CAC6D3314E}
		{A82EC361-FD81-4AFF-B060-E5555968927E} = {8B084800-216A-4731-A840-E6565E5AD5E8}
		{90EB84E5-BF37-4576-9F2E-4E9E574CDFF2} = {8B084800-216A-4731-A840-E6565E5AD5E8}
		{C8BB30C8-2FDA-4E6D-A2C3-9B318C49B174} = {8B084800-216A-4731-A840-E6565E5AD5E8}
		{059CB9B9-C9F8-42D2-993F-04A44E13B59E} = {8B084800-216A-4731-A840-E6565E5AD5E8}
		{361ABCA0-A7BF-4D14-9416-907F8D67AA13} = {21F851ED-A98E-44B2-98D8-57CAC6D3314E}
	EndGlobalSection
	GlobalSection(ExtensibilityGlobals) = postSolution
		SolutionGuid = {3A40DFBC-3757-460F-A67A-E9824002A4D8}
	EndGlobalSection
EndGlobal
